{
  "nodes": {
    "nixpkgs": {
      "locked": {
        "lastModified": 1614369788,
        "narHash": "sha256-vraBmWZsHEylqQ8AgBnuLusAifk3wwIefYu5uEtE1H0=",
        "owner": "NixOS",
        "repo": "nixpkgs",
        "rev": "24d05ceb440fabdb3b9d93f6e70a6afaaf7073c0",
        "type": "github"
      },
      "original": {
        "id": "nixpkgs",
        "type": "indirect"
      }
    },
    "root": {
      "inputs": {
        "nixpkgs": "nixpkgs"
      }
    }
  },
  "root": "root",
  "version": 7
}
